// !$*UTF8*$!
{
	archiveVersion = 1;
	classes = {
	};
	objectVersion = 60;
	objects = {

/* Begin PBXBuildFile section */
		014994A4D7A208801C7BFF37 /* ModelIntegrityValidator.swift in Sources */ = {isa = PBXBuildFile; fileRef = BFDA57249BEBDDC00E2BB964 /* ModelIntegrityValidator.swift */; };
		04008591D2DB90FBC62B14BF /* GradientBackground.swift in Sources */ = {isa = PBXBuildFile; fileRef = 28788D5F1E51C275A2F841EC /* GradientBackground.swift */; };
		04F266A25B32F0EA5CB18BB5 /* DocumentRetriever.swift in Sources */ = {isa = PBXBuildFile; fileRef = 7008B4B9EC3BC3AA07E2F8B7 /* DocumentRetriever.swift */; };
		04F5489C10F82B8E8996EEE0 /* HealthInsightsService.swift in Sources */ = {isa = PBXBuildFile; fileRef = B1BD8B88682EB2CE3E9969A5 /* HealthInsightsService.swift */; };
		057BE0B533514CFD1331044F /* ModelDownloader.swift in Sources */ = {isa = PBXBuildFile; fileRef = 325C3B8B4EBA75DB20C74A37 /* ModelDownloader.swift */; };
		1313C1603F2C83E594143F57 /* HealthCalculations.swift in Sources */ = {isa = PBXBuildFile; fileRef = 49B33A9A3364944C244DAD77 /* HealthCalculations.swift */; };
		13DD4031B1CE86E772A6F8E9 /* DashboardView.swift in Sources */ = {isa = PBXBuildFile; fileRef = 09CE57E4954AB85CEC73081F /* DashboardView.swift */; };
		14E13F8BFE98A8CF41E79A1C /* ReminderService.swift in Sources */ = {isa = PBXBuildFile; fileRef = 04477BD1676EC0336C2F3239 /* ReminderService.swift */; };
		17649E96A7F01C1FF7255B6A /* UserProfile.swift in Sources */ = {isa = PBXBuildFile; fileRef = C150B888F77C0F120F197164 /* UserProfile.swift */; };
		1B84405E5B3AB6E024EE1535 /* AIResponse.swift in Sources */ = {isa = PBXBuildFile; fileRef = F94A90DAA01C8132A7477CEF /* AIResponse.swift */; };
		201222C18BB9F09A25D9AE28 /* OnboardingView.swift in Sources */ = {isa = PBXBuildFile; fileRef = 1259CABF1CC37F333C4E239C /* OnboardingView.swift */; };
		207E422E93D6D67BDD424545 /* ModelManifest.swift in Sources */ = {isa = PBXBuildFile; fileRef = 3F08077D4DE2FA029DA5CC78 /* ModelManifest.swift */; };
		22939B2BCA95D59B741FF137 /* ProgressTabView.swift in Sources */ = {isa = PBXBuildFile; fileRef = 9A169080D48E1649AF5674B4 /* ProgressTabView.swift */; };
		22AC45AFA9227CDE9B4FBB80 /* ModelStore.swift in Sources */ = {isa = PBXBuildFile; fileRef = 312EE178D6F4403B3F63B2C3 /* ModelStore.swift */; };
		2B60B1E639D399E8B11888C1 /* AppleFoundationBackend.swift in Sources */ = {isa = PBXBuildFile; fileRef = 2BE64E117D9CC2CA55D381C1 /* AppleFoundationBackend.swift */; };
		309FE157D5355B4978046DFD /* HealthDataRepository.swift in Sources */ = {isa = PBXBuildFile; fileRef = 4FE143E5A90B3177AD06DBAD /* HealthDataRepository.swift */; };
		3B1F3A95A06E9DAA238C7786 /* AIChatView.swift in Sources */ = {isa = PBXBuildFile; fileRef = 5EF92C4C8E89E101E410AD08 /* AIChatView.swift */; };
		3DD374B9D3495F0B3F689EA8 /* CalendarRemindersPermissionsView.swift in Sources */ = {isa = PBXBuildFile; fileRef = 1FEE3B9DE303144A628B81F3 /* CalendarRemindersPermissionsView.swift */; };
		3F212939628C45ACC728641C /* AppleHealthTabView.swift in Sources */ = {isa = PBXBuildFile; fileRef = CCCAB383EE86840B0633787F /* AppleHealthTabView.swift */; };
		48709E06B6B14BDFD8DC8C91 /* GeminiService.swift in Sources */ = {isa = PBXBuildFile; fileRef = 52C25A45732EB4CF9D110DCF /* GeminiService.swift */; };
		4CF05F9222867310DCA3C375 /* HealthTabView.swift in Sources */ = {isa = PBXBuildFile; fileRef = 6F7CB5D376D4D2D22D4258CD /* HealthTabView.swift */; };
		58CDAC2CAE44778BB1616DF9 /* NotificationService.swift in Sources */ = {isa = PBXBuildFile; fileRef = F2380963A48B5D411003D4ED /* NotificationService.swift */; };
		5D3317A9276E758EAC6049CA /* FoodPipeline.swift in Sources */ = {isa = PBXBuildFile; fileRef = 3652BF668B709903297D267F /* FoodPipeline.swift */; };
		618FE91D7FEBA6B8595FA332 /* CalendarService.swift in Sources */ = {isa = PBXBuildFile; fileRef = EA93287F2798E261B7FE1C18 /* CalendarService.swift */; };
		6DFED5FAB72F3E657BB72834 /* FoodLoggingViewModel.swift in Sources */ = {isa = PBXBuildFile; fileRef = 9A3963474F5A54439B12C854 /* FoodLoggingViewModel.swift */; };
		6F2D454AB137E9F7B8C89B0F /* GroundedAnswerService.swift in Sources */ = {isa = PBXBuildFile; fileRef = B1AE492DAA2337ECDD93AE20 /* GroundedAnswerService.swift */; };
		7DF18119970B5E00166D68C4 /* CalendarEventEditor.swift in Sources */ = {isa = PBXBuildFile; fileRef = 287DA2D933850934A6E60887 /* CalendarEventEditor.swift */; };
		81373F38A03307378FE46857 /* MealIdeasViewModel.swift in Sources */ = {isa = PBXBuildFile; fileRef = 3A877DF02A9CA5271EB0F761 /* MealIdeasViewModel.swift */; };
		8158DDA0159805AE7FCBCF79 /* NativeCalendarEventView.swift in Sources */ = {isa = PBXBuildFile; fileRef = 8C6D3B4D40A6B593B55CA93B /* NativeCalendarEventView.swift */; };
		83DB33E206761CE2FE986968 /* HealthAppApp.swift in Sources */ = {isa = PBXBuildFile; fileRef = AE7D5A6F40FB05FFF36540BD /* HealthAppApp.swift */; };
		83F629EE8E38ED6287048545 /* ContentView.swift in Sources */ = {isa = PBXBuildFile; fileRef = C9ED963C8D1C3EAD5B867598 /* ContentView.swift */; };
		84734C52C22EA20C8453D1D8 /* AddIntegrationActionSheet.swift in Sources */ = {isa = PBXBuildFile; fileRef = 3487A90417601ED2C801882E /* AddIntegrationActionSheet.swift */; };
		8B26DDA8ECD3543511F8E0DD /* CameraView.swift in Sources */ = {isa = PBXBuildFile; fileRef = EE9C8F3791FEE14ED7136594 /* CameraView.swift */; };
		8D5268394B580C4CF3631FB5 /* QwenLocalBackend.swift in Sources */ = {isa = PBXBuildFile; fileRef = 1F3AC5A4C0FDE752F36D978E /* QwenLocalBackend.swift */; };
		8E353C9A6B58A85C2844BA17 /* NotificationManager.swift in Sources */ = {isa = PBXBuildFile; fileRef = 523A181E8564A4C52D75ED76 /* NotificationManager.swift */; };
		95838D65AA9D76D121886D72 /* AIChatViewModel.swift in Sources */ = {isa = PBXBuildFile; fileRef = C214C2CAC8B71F134EC3982F /* AIChatViewModel.swift */; };
		994D179B72EA0B5652BD1E53 /* CircularProgressView.swift in Sources */ = {isa = PBXBuildFile; fileRef = F3C58F9E3EBDA19424BE2AD3 /* CircularProgressView.swift */; };
		9E3B6DE3EBC79FB7853B8111 /* HealthReportViewModel.swift in Sources */ = {isa = PBXBuildFile; fileRef = ABB85A189364556F0F3BE6AC /* HealthReportViewModel.swift */; };
		A1280A01E2D164F5B6D1A9E3 /* WeeklyStatsView.swift in Sources */ = {isa = PBXBuildFile; fileRef = 6E7EAF020E0BA41356D50708 /* WeeklyStatsView.swift */; };
		A7FB185962FA34DCE3168E6A /* SettingsView.swift in Sources */ = {isa = PBXBuildFile; fileRef = E8DAE26FE99DFFE4F65D90C5 /* SettingsView.swift */; };
		A80EA4A3CA7B3F93970F7FD0 /* HealthSyncService.swift in Sources */ = {isa = PBXBuildFile; fileRef = 723D51072CCCBE25D0FBFFF9 /* HealthSyncService.swift */; };
		A8BD7ED17D5F3FB9947B1A9B /* SaveMealToHealthView.swift in Sources */ = {isa = PBXBuildFile; fileRef = CAF5410E7D1BD8F6DFEA7E4B /* SaveMealToHealthView.swift */; };
		B043E9D235DA1E124CB65E15 /* DailyLog.swift in Sources */ = {isa = PBXBuildFile; fileRef = A0056960BC6D86AC627BA7BE /* DailyLog.swift */; };
		B1E25ACF94EC02FBADDC8446 /* GenerationConfig.swift in Sources */ = {isa = PBXBuildFile; fileRef = 6DF3355664571CF61A20A99A /* GenerationConfig.swift */; };
		B3BB565415A9A87B93A71D0F /* AppLogo.swift in Sources */ = {isa = PBXBuildFile; fileRef = E8ABF6AC0A293E3680AB2139 /* AppLogo.swift */; };
		B9BFB0E8D7A3A8BCC8F5543A /* ModelManagementView.swift in Sources */ = {isa = PBXBuildFile; fileRef = 831F88434C188B1B9754B807 /* ModelManagementView.swift */; };
		BA211C26D535B36BFEF589AD /* PermissionsService.swift in Sources */ = {isa = PBXBuildFile; fileRef = A79079F8F69BA9C308404DD8 /* PermissionsService.swift */; };
		C0B334037C70EC6882BBF7BD /* ChipGroup.swift in Sources */ = {isa = PBXBuildFile; fileRef = D05668792D454BD2E650C0CA /* ChipGroup.swift */; };
		C527108CC55E47263C6C60D1 /* TimerService.swift in Sources */ = {isa = PBXBuildFile; fileRef = 28B30AD7C6AF4F1C36C37498 /* TimerService.swift */; };
		C6313335FF283BA91636749C /* AIBackend.swift in Sources */ = {isa = PBXBuildFile; fileRef = BB15241668D1DE839F9A40A0 /* AIBackend.swift */; };
		C97346404B4FDA64FA4FF783 /* HealthPermissionsView.swift in Sources */ = {isa = PBXBuildFile; fileRef = EC9B89366B3C1E691EA570A7 /* HealthPermissionsView.swift */; };
		C9C2554DDA341D5E1C5DBA08 /* HealthContainerView.swift in Sources */ = {isa = PBXBuildFile; fileRef = D56262BA86337B04C186E507 /* HealthContainerView.swift */; };
		CE11E012B34074DC579C4848 /* WeeklyCalendarView.swift in Sources */ = {isa = PBXBuildFile; fileRef = F27212AEC5264B54C6B42FDC /* WeeklyCalendarView.swift */; };
		D0F25A0912D263E026A3312C /* LiveActivityService.swift in Sources */ = {isa = PBXBuildFile; fileRef = 895B3B33D5EFE355327F9D0A /* LiveActivityService.swift */; };
		DC990DFA91C495656FBB0D5B /* AIRequest.swift in Sources */ = {isa = PBXBuildFile; fileRef = 1555427F5C06E515DCE156B7 /* AIRequest.swift */; };
		E204EE0939E359219639A00E /* HealthSafetyFilter.swift in Sources */ = {isa = PBXBuildFile; fileRef = 9516A895F71E7D685CE9ED83 /* HealthSafetyFilter.swift */; };
		E4E89E6EB6B219641A62ADB6 /* FoodLoggingSheet.swift in Sources */ = {isa = PBXBuildFile; fileRef = B7678CD4482FC52BAF2B001C /* FoodLoggingSheet.swift */; };
		E6A26936A6614E2484EEE0AE /* MealIdeasView.swift in Sources */ = {isa = PBXBuildFile; fileRef = 2F2B9911227DB8A834BB109B /* MealIdeasView.swift */; };
		EBD4E703F249B8D8FC815B44 /* HealthKitManager.swift in Sources */ = {isa = PBXBuildFile; fileRef = 263FC06E0DC1B82D0A9643C2 /* HealthKitManager.swift */; };
		EDD81317CFA06784485FA8F9 /* MealEditSheet.swift in Sources */ = {isa = PBXBuildFile; fileRef = 4B0A1DA6C06A53C1A79A2628 /* MealEditSheet.swift */; };
		F285E3D308EB9DB33E693A52 /* GlassCard.swift in Sources */ = {isa = PBXBuildFile; fileRef = C8F2743F09AD619058A8D420 /* GlassCard.swift */; };
		F8A147D50915049B91E1DBD9 /* AITelemetry.swift in Sources */ = {isa = PBXBuildFile; fileRef = A2E9B86A8BEA8E15CE74DA26 /* AITelemetry.swift */; };
		F933303D377A37D5724A04CD /* HealthAuthorizationService.swift in Sources */ = {isa = PBXBuildFile; fileRef = 538E1B60A2D52CD8C27D1FD1 /* HealthAuthorizationService.swift */; };
		FA0657C670F672396CCDFBBE /* AIOrchestrator.swift in Sources */ = {isa = PBXBuildFile; fileRef = BE1580A9992234C6EABF5456 /* AIOrchestrator.swift */; };
		FA139551825131A460E8AD83 /* DailyHealthSummaryCard.swift in Sources */ = {isa = PBXBuildFile; fileRef = FDAE97549709945854E627CB /* DailyHealthSummaryCard.swift */; };
/* End PBXBuildFile section */

/* Begin PBXFileReference section */
		0206745D35329DC5103E5060 /* SaveMealToHealthView.swift */ = {isa = PBXFileReference; includeInIndex = 1; lastKnownFileType = sourcecode.swift; path = SaveMealToHealthView.swift; sourceTree = "<group>"; };
		03351D8DA145C5F526F12813 /* TimerService.swift */ = {isa = PBXFileReference; includeInIndex = 1; lastKnownFileType = sourcecode.swift; path = TimerService.swift; sourceTree = "<group>"; };
		04477BD1676EC0336C2F3239 /* ReminderService.swift */ = {isa = PBXFileReference; includeInIndex = 1; lastKnownFileType = sourcecode.swift; path = ReminderService.swift; sourceTree = "<group>"; };
		09CE57E4954AB85CEC73081F /* DashboardView.swift */ = {isa = PBXFileReference; lastKnownFileType = sourcecode.swift; path = DashboardView.swift; sourceTree = "<group>"; };
		0D1041CDDDC9DF5B49978E9C /* CalendarService.swift */ = {isa = PBXFileReference; includeInIndex = 1; lastKnownFileType = sourcecode.swift; path = CalendarService.swift; sourceTree = "<group>"; };
		114E48DCEE16FEB0694658F6 /* DailyHealthSummaryCard.swift */ = {isa = PBXFileReference; includeInIndex = 1; lastKnownFileType = sourcecode.swift; path = DailyHealthSummaryCard.swift; sourceTree = "<group>"; };
		1259CABF1CC37F333C4E239C /* OnboardingView.swift */ = {isa = PBXFileReference; lastKnownFileType = sourcecode.swift; path = OnboardingView.swift; sourceTree = "<group>"; };
		1555427F5C06E515DCE156B7 /* AIRequest.swift */ = {isa = PBXFileReference; lastKnownFileType = sourcecode.swift; path = AIRequest.swift; sourceTree = "<group>"; };
		1F3AC5A4C0FDE752F36D978E /* QwenLocalBackend.swift */ = {isa = PBXFileReference; lastKnownFileType = sourcecode.swift; path = QwenLocalBackend.swift; sourceTree = "<group>"; };
		1FEE3B9DE303144A628B81F3 /* CalendarRemindersPermissionsView.swift */ = {isa = PBXFileReference; includeInIndex = 1; lastKnownFileType = sourcecode.swift; path = CalendarRemindersPermissionsView.swift; sourceTree = "<group>"; };
		200F35CC93DBFFB3D69C0DB9 /* PermissionsService.swift */ = {isa = PBXFileReference; includeInIndex = 1; lastKnownFileType = sourcecode.swift; path = PermissionsService.swift; sourceTree = "<group>"; };
		263FC06E0DC1B82D0A9643C2 /* HealthKitManager.swift */ = {isa = PBXFileReference; includeInIndex = 1; lastKnownFileType = sourcecode.swift; name = HealthKitManager.swift; path = Health/HealthKitManager.swift; sourceTree = "<group>"; };
		28788D5F1E51C275A2F841EC /* GradientBackground.swift */ = {isa = PBXFileReference; lastKnownFileType = sourcecode.swift; path = GradientBackground.swift; sourceTree = "<group>"; };
		287DA2D933850934A6E60887 /* CalendarEventEditor.swift */ = {isa = PBXFileReference; includeInIndex = 1; lastKnownFileType = sourcecode.swift; path = CalendarEventEditor.swift; sourceTree = "<group>"; };
		28B30AD7C6AF4F1C36C37498 /* TimerService.swift */ = {isa = PBXFileReference; includeInIndex = 1; lastKnownFileType = sourcecode.swift; path = TimerService.swift; sourceTree = "<group>"; };
		2BE64E117D9CC2CA55D381C1 /* AppleFoundationBackend.swift */ = {isa = PBXFileReference; lastKnownFileType = sourcecode.swift; path = AppleFoundationBackend.swift; sourceTree = "<group>"; };
		2F2B9911227DB8A834BB109B /* MealIdeasView.swift */ = {isa = PBXFileReference; lastKnownFileType = sourcecode.swift; path = MealIdeasView.swift; sourceTree = "<group>"; };
		312EE178D6F4403B3F63B2C3 /* ModelStore.swift */ = {isa = PBXFileReference; lastKnownFileType = sourcecode.swift; path = ModelStore.swift; sourceTree = "<group>"; };
		316146D5C842C00F94ECD9DA /* LiveActivityService.swift */ = {isa = PBXFileReference; includeInIndex = 1; lastKnownFileType = sourcecode.swift; path = LiveActivityService.swift; sourceTree = "<group>"; };
		325C3B8B4EBA75DB20C74A37 /* ModelDownloader.swift */ = {isa = PBXFileReference; lastKnownFileType = sourcecode.swift; path = ModelDownloader.swift; sourceTree = "<group>"; };
		3487A90417601ED2C801882E /* AddIntegrationActionSheet.swift */ = {isa = PBXFileReference; includeInIndex = 1; lastKnownFileType = sourcecode.swift; path = AddIntegrationActionSheet.swift; sourceTree = "<group>"; };
		3652BF668B709903297D267F /* FoodPipeline.swift */ = {isa = PBXFileReference; lastKnownFileType = sourcecode.swift; path = FoodPipeline.swift; sourceTree = "<group>"; };
		393B20561A01761BEB40B0C5 /* CalendarRemindersPermissionsView.swift */ = {isa = PBXFileReference; includeInIndex = 1; lastKnownFileType = sourcecode.swift; path = CalendarRemindersPermissionsView.swift; sourceTree = "<group>"; };
		3A877DF02A9CA5271EB0F761 /* MealIdeasViewModel.swift */ = {isa = PBXFileReference; lastKnownFileType = sourcecode.swift; path = MealIdeasViewModel.swift; sourceTree = "<group>"; };
		3F08077D4DE2FA029DA5CC78 /* ModelManifest.swift */ = {isa = PBXFileReference; lastKnownFileType = sourcecode.swift; path = ModelManifest.swift; sourceTree = "<group>"; };
		49B33A9A3364944C244DAD77 /* HealthCalculations.swift */ = {isa = PBXFileReference; lastKnownFileType = sourcecode.swift; path = HealthCalculations.swift; sourceTree = "<group>"; };
		4B0A1DA6C06A53C1A79A2628 /* MealEditSheet.swift */ = {isa = PBXFileReference; lastKnownFileType = sourcecode.swift; path = MealEditSheet.swift; sourceTree = "<group>"; };
		4F51C70BBF9C5D4E7FD2B884 /* HealthInsightsService.swift */ = {isa = PBXFileReference; includeInIndex = 1; lastKnownFileType = sourcecode.swift; path = HealthInsightsService.swift; sourceTree = "<group>"; };
		4FE143E5A90B3177AD06DBAD /* HealthDataRepository.swift */ = {isa = PBXFileReference; includeInIndex = 1; lastKnownFileType = sourcecode.swift; name = HealthDataRepository.swift; path = Health/HealthDataRepository.swift; sourceTree = "<group>"; };
		523A181E8564A4C52D75ED76 /* NotificationManager.swift */ = {isa = PBXFileReference; lastKnownFileType = sourcecode.swift; path = NotificationManager.swift; sourceTree = "<group>"; };
		52C25A45732EB4CF9D110DCF /* GeminiService.swift */ = {isa = PBXFileReference; lastKnownFileType = sourcecode.swift; path = GeminiService.swift; sourceTree = "<group>"; };
		533B8B3DEDFED7E7ACF45093 /* CalendarEventEditor.swift */ = {isa = PBXFileReference; includeInIndex = 1; lastKnownFileType = sourcecode.swift; path = CalendarEventEditor.swift; sourceTree = "<group>"; };
		538E1B60A2D52CD8C27D1FD1 /* HealthAuthorizationService.swift */ = {isa = PBXFileReference; includeInIndex = 1; lastKnownFileType = sourcecode.swift; name = HealthAuthorizationService.swift; path = Health/HealthAuthorizationService.swift; sourceTree = "<group>"; };
		5EF92C4C8E89E101E410AD08 /* AIChatView.swift */ = {isa = PBXFileReference; includeInIndex = 1; lastKnownFileType = sourcecode.swift; path = AIChatView.swift; sourceTree = "<group>"; };
		6DF3355664571CF61A20A99A /* GenerationConfig.swift */ = {isa = PBXFileReference; lastKnownFileType = sourcecode.swift; path = GenerationConfig.swift; sourceTree = "<group>"; };
		6E7EAF020E0BA41356D50708 /* WeeklyStatsView.swift */ = {isa = PBXFileReference; lastKnownFileType = sourcecode.swift; path = WeeklyStatsView.swift; sourceTree = "<group>"; };
		6F7CB5D376D4D2D22D4258CD /* HealthTabView.swift */ = {isa = PBXFileReference; lastKnownFileType = sourcecode.swift; path = HealthTabView.swift; sourceTree = "<group>"; };
		7008B4B9EC3BC3AA07E2F8B7 /* DocumentRetriever.swift */ = {isa = PBXFileReference; lastKnownFileType = sourcecode.swift; path = DocumentRetriever.swift; sourceTree = "<group>"; };
		723D51072CCCBE25D0FBFFF9 /* HealthSyncService.swift */ = {isa = PBXFileReference; includeInIndex = 1; lastKnownFileType = sourcecode.swift; name = HealthSyncService.swift; path = Health/HealthSyncService.swift; sourceTree = "<group>"; };
		78A4A9765E0FC3F8AA6EF7A8 /* TimerService.swift */ = {isa = PBXFileReference; includeInIndex = 1; lastKnownFileType = sourcecode.swift; path = TimerService.swift; sourceTree = "<group>"; };
		7CA2E53F318904775B745FD4 /* HealthDataRepository.swift */ = {isa = PBXFileReference; includeInIndex = 1; lastKnownFileType = sourcecode.swift; path = HealthDataRepository.swift; sourceTree = "<group>"; };
		7D4F74E6DCA3CA58D23B8103 /* NativeCalendarEventView.swift */ = {isa = PBXFileReference; includeInIndex = 1; lastKnownFileType = sourcecode.swift; path = NativeCalendarEventView.swift; sourceTree = "<group>"; };
		7D61694EA6B5CD78057F28C0 /* CalendarService.swift */ = {isa = PBXFileReference; includeInIndex = 1; lastKnownFileType = sourcecode.swift; path = CalendarService.swift; sourceTree = "<group>"; };
		7E18007A06C1EF3AD9EFEE1D /* PermissionsService.swift */ = {isa = PBXFileReference; includeInIndex = 1; lastKnownFileType = sourcecode.swift; path = PermissionsService.swift; sourceTree = "<group>"; };
		7E52B7D79F09463E03C995C7 /* CalendarRemindersPermissionsView.swift */ = {isa = PBXFileReference; includeInIndex = 1; lastKnownFileType = sourcecode.swift; path = CalendarRemindersPermissionsView.swift; sourceTree = "<group>"; };
		7F63D237FE56E5F45364B9F0 /* ReminderService.swift */ = {isa = PBXFileReference; includeInIndex = 1; lastKnownFileType = sourcecode.swift; path = ReminderService.swift; sourceTree = "<group>"; };
		831F88434C188B1B9754B807 /* ModelManagementView.swift */ = {isa = PBXFileReference; lastKnownFileType = sourcecode.swift; path = ModelManagementView.swift; sourceTree = "<group>"; };
		8863666AF89D163511F0F0D9 /* AddIntegrationActionSheet.swift */ = {isa = PBXFileReference; includeInIndex = 1; lastKnownFileType = sourcecode.swift; path = AddIntegrationActionSheet.swift; sourceTree = "<group>"; };
		895B3B33D5EFE355327F9D0A /* LiveActivityService.swift */ = {isa = PBXFileReference; includeInIndex = 1; lastKnownFileType = sourcecode.swift; path = LiveActivityService.swift; sourceTree = "<group>"; };
		8C6D3B4D40A6B593B55CA93B /* NativeCalendarEventView.swift */ = {isa = PBXFileReference; includeInIndex = 1; lastKnownFileType = sourcecode.swift; path = NativeCalendarEventView.swift; sourceTree = "<group>"; };
		8CBD04C32BE882E2A9768E3E /* HealthSyncService.swift */ = {isa = PBXFileReference; includeInIndex = 1; lastKnownFileType = sourcecode.swift; path = HealthSyncService.swift; sourceTree = "<group>"; };
		915552E1C48AAA36FF62A6C5 /* AddIntegrationActionSheet.swift */ = {isa = PBXFileReference; includeInIndex = 1; lastKnownFileType = sourcecode.swift; path = AddIntegrationActionSheet.swift; sourceTree = "<group>"; };
		94AC7337D92DDDD77EEA8F6C /* NativeCalendarEventView.swift */ = {isa = PBXFileReference; includeInIndex = 1; lastKnownFileType = sourcecode.swift; path = NativeCalendarEventView.swift; sourceTree = "<group>"; };
		9516A895F71E7D685CE9ED83 /* HealthSafetyFilter.swift */ = {isa = PBXFileReference; lastKnownFileType = sourcecode.swift; path = HealthSafetyFilter.swift; sourceTree = "<group>"; };
		9A169080D48E1649AF5674B4 /* ProgressTabView.swift */ = {isa = PBXFileReference; lastKnownFileType = sourcecode.swift; path = ProgressTabView.swift; sourceTree = "<group>"; };
		9A3963474F5A54439B12C854 /* FoodLoggingViewModel.swift */ = {isa = PBXFileReference; lastKnownFileType = sourcecode.swift; path = FoodLoggingViewModel.swift; sourceTree = "<group>"; };
		9DFCD51598DEF69A1CAB0AF3 /* HealthApp.app */ = {isa = PBXFileReference; explicitFileType = wrapper.application; includeInIndex = 0; path = HealthApp.app; sourceTree = BUILT_PRODUCTS_DIR; };
		A0056960BC6D86AC627BA7BE /* DailyLog.swift */ = {isa = PBXFileReference; lastKnownFileType = sourcecode.swift; path = DailyLog.swift; sourceTree = "<group>"; };
		A2E9B86A8BEA8E15CE74DA26 /* AITelemetry.swift */ = {isa = PBXFileReference; lastKnownFileType = sourcecode.swift; path = AITelemetry.swift; sourceTree = "<group>"; };
		A79079F8F69BA9C308404DD8 /* PermissionsService.swift */ = {isa = PBXFileReference; includeInIndex = 1; lastKnownFileType = sourcecode.swift; path = PermissionsService.swift; sourceTree = "<group>"; };
		AB56F6EA6F22F44B44A9DF74 /* NotificationService.swift */ = {isa = PBXFileReference; includeInIndex = 1; lastKnownFileType = sourcecode.swift; path = NotificationService.swift; sourceTree = "<group>"; };
		ABB85A189364556F0F3BE6AC /* HealthReportViewModel.swift */ = {isa = PBXFileReference; lastKnownFileType = sourcecode.swift; path = HealthReportViewModel.swift; sourceTree = "<group>"; };
		AE7D5A6F40FB05FFF36540BD /* HealthAppApp.swift */ = {isa = PBXFileReference; lastKnownFileType = sourcecode.swift; path = HealthAppApp.swift; sourceTree = "<group>"; };
		B1AE492DAA2337ECDD93AE20 /* GroundedAnswerService.swift */ = {isa = PBXFileReference; lastKnownFileType = sourcecode.swift; path = GroundedAnswerService.swift; sourceTree = "<group>"; };
		B1BD8B88682EB2CE3E9969A5 /* HealthInsightsService.swift */ = {isa = PBXFileReference; includeInIndex = 1; lastKnownFileType = sourcecode.swift; name = HealthInsightsService.swift; path = Health/HealthInsightsService.swift; sourceTree = "<group>"; };
		B7678CD4482FC52BAF2B001C /* FoodLoggingSheet.swift */ = {isa = PBXFileReference; lastKnownFileType = sourcecode.swift; path = FoodLoggingSheet.swift; sourceTree = "<group>"; };
		BB15241668D1DE839F9A40A0 /* AIBackend.swift */ = {isa = PBXFileReference; lastKnownFileType = sourcecode.swift; path = AIBackend.swift; sourceTree = "<group>"; };
		BE1580A9992234C6EABF5456 /* AIOrchestrator.swift */ = {isa = PBXFileReference; lastKnownFileType = sourcecode.swift; path = AIOrchestrator.swift; sourceTree = "<group>"; };
		BFDA57249BEBDDC00E2BB964 /* ModelIntegrityValidator.swift */ = {isa = PBXFileReference; lastKnownFileType = sourcecode.swift; path = ModelIntegrityValidator.swift; sourceTree = "<group>"; };
		C01BB53111153AC49E3E3DB3 /* ReminderService.swift */ = {isa = PBXFileReference; includeInIndex = 1; lastKnownFileType = sourcecode.swift; path = ReminderService.swift; sourceTree = "<group>"; };
		C150B888F77C0F120F197164 /* UserProfile.swift */ = {isa = PBXFileReference; lastKnownFileType = sourcecode.swift; path = UserProfile.swift; sourceTree = "<group>"; };
		C214C2CAC8B71F134EC3982F /* AIChatViewModel.swift */ = {isa = PBXFileReference; includeInIndex = 1; lastKnownFileType = sourcecode.swift; path = AIChatViewModel.swift; sourceTree = "<group>"; };
		C8F2743F09AD619058A8D420 /* GlassCard.swift */ = {isa = PBXFileReference; lastKnownFileType = sourcecode.swift; path = GlassCard.swift; sourceTree = "<group>"; };
		C95B9631CB7D2DACF7027A70 /* NotificationService.swift */ = {isa = PBXFileReference; includeInIndex = 1; lastKnownFileType = sourcecode.swift; path = NotificationService.swift; sourceTree = "<group>"; };
		C9ED963C8D1C3EAD5B867598 /* ContentView.swift */ = {isa = PBXFileReference; lastKnownFileType = sourcecode.swift; path = ContentView.swift; sourceTree = "<group>"; };
		CAF5410E7D1BD8F6DFEA7E4B /* SaveMealToHealthView.swift */ = {isa = PBXFileReference; includeInIndex = 1; lastKnownFileType = sourcecode.swift; name = SaveMealToHealthView.swift; path = Nutrition/SaveMealToHealthView.swift; sourceTree = "<group>"; };
		CC6E40DEA7046AA1B62D65B1 /* HealthKitManager.swift */ = {isa = PBXFileReference; includeInIndex = 1; lastKnownFileType = sourcecode.swift; path = HealthKitManager.swift; sourceTree = "<group>"; };
		CCCAB383EE86840B0633787F /* AppleHealthTabView.swift */ = {isa = PBXFileReference; includeInIndex = 1; lastKnownFileType = sourcecode.swift; path = AppleHealthTabView.swift; sourceTree = "<group>"; };
		D05668792D454BD2E650C0CA /* ChipGroup.swift */ = {isa = PBXFileReference; lastKnownFileType = sourcecode.swift; path = ChipGroup.swift; sourceTree = "<group>"; };
		D56262BA86337B04C186E507 /* HealthContainerView.swift */ = {isa = PBXFileReference; includeInIndex = 1; lastKnownFileType = sourcecode.swift; path = HealthContainerView.swift; sourceTree = "<group>"; };
		E7227627E530461F1A891AF1 /* LiveActivityService.swift */ = {isa = PBXFileReference; includeInIndex = 1; lastKnownFileType = sourcecode.swift; path = LiveActivityService.swift; sourceTree = "<group>"; };
		E82008A64993339F4C306E8A /* CalendarEventEditor.swift */ = {isa = PBXFileReference; includeInIndex = 1; lastKnownFileType = sourcecode.swift; path = CalendarEventEditor.swift; sourceTree = "<group>"; };
		E8ABF6AC0A293E3680AB2139 /* AppLogo.swift */ = {isa = PBXFileReference; includeInIndex = 1; lastKnownFileType = sourcecode.swift; path = AppLogo.swift; sourceTree = "<group>"; };
		E8DAE26FE99DFFE4F65D90C5 /* SettingsView.swift */ = {isa = PBXFileReference; lastKnownFileType = sourcecode.swift; path = SettingsView.swift; sourceTree = "<group>"; };
		EA93287F2798E261B7FE1C18 /* CalendarService.swift */ = {isa = PBXFileReference; includeInIndex = 1; lastKnownFileType = sourcecode.swift; path = CalendarService.swift; sourceTree = "<group>"; };
		EC9B89366B3C1E691EA570A7 /* HealthPermissionsView.swift */ = {isa = PBXFileReference; includeInIndex = 1; lastKnownFileType = sourcecode.swift; path = HealthPermissionsView.swift; sourceTree = "<group>"; };
		EE9C8F3791FEE14ED7136594 /* CameraView.swift */ = {isa = PBXFileReference; lastKnownFileType = sourcecode.swift; path = CameraView.swift; sourceTree = "<group>"; };
		F2380963A48B5D411003D4ED /* NotificationService.swift */ = {isa = PBXFileReference; includeInIndex = 1; lastKnownFileType = sourcecode.swift; path = NotificationService.swift; sourceTree = "<group>"; };
		F27212AEC5264B54C6B42FDC /* WeeklyCalendarView.swift */ = {isa = PBXFileReference; lastKnownFileType = sourcecode.swift; path = WeeklyCalendarView.swift; sourceTree = "<group>"; };
		F3C58F9E3EBDA19424BE2AD3 /* CircularProgressView.swift */ = {isa = PBXFileReference; lastKnownFileType = sourcecode.swift; path = CircularProgressView.swift; sourceTree = "<group>"; };
		F94A90DAA01C8132A7477CEF /* AIResponse.swift */ = {isa = PBXFileReference; lastKnownFileType = sourcecode.swift; path = AIResponse.swift; sourceTree = "<group>"; };
		FDAE97549709945854E627CB /* DailyHealthSummaryCard.swift */ = {isa = PBXFileReference; includeInIndex = 1; lastKnownFileType = sourcecode.swift; name = DailyHealthSummaryCard.swift; path = Home/DailyHealthSummaryCard.swift; sourceTree = "<group>"; };
		FE32A8427FABA7FFF16A77BA /* HealthAuthorizationService.swift */ = {isa = PBXFileReference; includeInIndex = 1; lastKnownFileType = sourcecode.swift; path = HealthAuthorizationService.swift; sourceTree = "<group>"; };
/* End PBXFileReference section */

/* Begin PBXFrameworksBuildPhase section */
		5144A42CF5AAF58C72904829 /* Frameworks */ = {
			isa = PBXFrameworksBuildPhase;
			buildActionMask = 2147483647;
			files = (
			);
			runOnlyForDeploymentPostprocessing = 0;
		};
/* End PBXFrameworksBuildPhase section */

/* Begin PBXGroup section */
		0B3493FE385DC31291ABAAF3 /* Components */ = {
			isa = PBXGroup;
			children = (
				D05668792D454BD2E650C0CA /* ChipGroup.swift */,
				F3C58F9E3EBDA19424BE2AD3 /* CircularProgressView.swift */,
				C8F2743F09AD619058A8D420 /* GlassCard.swift */,
				28788D5F1E51C275A2F841EC /* GradientBackground.swift */,
				F27212AEC5264B54C6B42FDC /* WeeklyCalendarView.swift */,
				E8ABF6AC0A293E3680AB2139 /* AppLogo.swift */,
			);
			path = Components;
			sourceTree = "<group>";
		};
		0F485BB566342B8B15E558FC /* Products */ = {
			isa = PBXGroup;
			children = (
				9DFCD51598DEF69A1CAB0AF3 /* HealthApp.app */,
			);
			name = Products;
			sourceTree = "<group>";
		};
		17731BD250C2588323130FCA /* Notifications */ = {
			isa = PBXGroup;
			children = (
				F2380963A48B5D411003D4ED /* NotificationService.swift */,
				AB56F6EA6F22F44B44A9DF74 /* NotificationService.swift */,
				C95B9631CB7D2DACF7027A70 /* NotificationService.swift */,
			);
			path = Notifications;
			sourceTree = "<group>";
		};
		2B407A91B46FEC62CCF494CE /* LiveActivities */ = {
			isa = PBXGroup;
			children = (
				895B3B33D5EFE355327F9D0A /* LiveActivityService.swift */,
				316146D5C842C00F94ECD9DA /* LiveActivityService.swift */,
				E7227627E530461F1A891AF1 /* LiveActivityService.swift */,
			);
			path = LiveActivities;
			sourceTree = "<group>";
		};
		34E7ED012551210147374FBB /* Backends */ = {
			isa = PBXGroup;
			children = (
				2BE64E117D9CC2CA55D381C1 /* AppleFoundationBackend.swift */,
				52C25A45732EB4CF9D110DCF /* GeminiService.swift */,
				1F3AC5A4C0FDE752F36D978E /* QwenLocalBackend.swift */,
			);
			path = Backends;
			sourceTree = "<group>";
		};
		39C4C9461E96896E9A5DC2FB /* System */ = {
			isa = PBXGroup;
			children = (
				A79079F8F69BA9C308404DD8 /* PermissionsService.swift */,
				7E18007A06C1EF3AD9EFEE1D /* PermissionsService.swift */,
				200F35CC93DBFFB3D69C0DB9 /* PermissionsService.swift */,
			);
			path = System;
			sourceTree = "<group>";
		};
		3E9DFD313A7F764405F76048 /* Chat */ = {
			isa = PBXGroup;
			children = (
				5EF92C4C8E89E101E410AD08 /* AIChatView.swift */,
			);
			path = Chat;
			sourceTree = "<group>";
		};
		4EA221F984BD6879461F2CCD /* Settings */ = {
			isa = PBXGroup;
			children = (
				1FEE3B9DE303144A628B81F3 /* CalendarRemindersPermissionsView.swift */,
				393B20561A01761BEB40B0C5 /* CalendarRemindersPermissionsView.swift */,
				7E52B7D79F09463E03C995C7 /* CalendarRemindersPermissionsView.swift */,
			);
			path = Settings;
			sourceTree = "<group>";
		};
		4F2879832B19A4002ABE0F27 = {
			isa = PBXGroup;
			children = (
				84430F82F3C6F53336A26A93 /* App */,
				0F485BB566342B8B15E558FC /* Products */,
				D4B97C7E0E4E4D1877E7743C /* HealthApp */,
			);
			sourceTree = "<group>";
		};
		5B6B820C1BFA01A325D5C7BE /* Home */ = {
			isa = PBXGroup;
			children = (
				FDAE97549709945854E627CB /* DailyHealthSummaryCard.swift */,
				114E48DCEE16FEB0694658F6 /* DailyHealthSummaryCard.swift */,
			);
			name = Home;
			sourceTree = "<group>";
		};
		69C098587193E9446CBA6710 /* AI */ = {
			isa = PBXGroup;
			children = (
				34E7ED012551210147374FBB /* Backends */,
				E9F3ABB81A3401EB9804B883 /* Core */,
				E1BC452462EDCF89FFFF179C /* Models */,
				ED3FD1B836108BC524CF5C36 /* Retrieval */,
				F75AF00B7C354B2CC73942C2 /* Safety */,
				88FE653219EB6424A4168123 /* Telemetry */,
			);
			path = AI;
			sourceTree = "<group>";
		};
		6C61E0122A38CE9EF646CDAB /* Settings */ = {
			isa = PBXGroup;
			children = (
				831F88434C188B1B9754B807 /* ModelManagementView.swift */,
				E8DAE26FE99DFFE4F65D90C5 /* SettingsView.swift */,
				EC9B89366B3C1E691EA570A7 /* HealthPermissionsView.swift */,
			);
			path = Settings;
			sourceTree = "<group>";
		};
		75E2236807CF57ACF2D8F2D7 /* Camera */ = {
			isa = PBXGroup;
			children = (
				EE9C8F3791FEE14ED7136594 /* CameraView.swift */,
				B7678CD4482FC52BAF2B001C /* FoodLoggingSheet.swift */,
			);
			path = Camera;
			sourceTree = "<group>";
		};
		75EF2F6A03B5E71C8AF32965 /* MealIdeas */ = {
			isa = PBXGroup;
			children = (
				2F2B9911227DB8A834BB109B /* MealIdeasView.swift */,
			);
			path = MealIdeas;
			sourceTree = "<group>";
		};
		84430F82F3C6F53336A26A93 /* App */ = {
			isa = PBXGroup;
			children = (
				C9ED963C8D1C3EAD5B867598 /* ContentView.swift */,
				AE7D5A6F40FB05FFF36540BD /* HealthAppApp.swift */,
				69C098587193E9446CBA6710 /* AI */,
				850AC29570F7158B78F6156E /* Models */,
				EA46F9385196E7474A0AAA9D /* Services */,
				F6367759F9B0E3B592C713F8 /* ViewModels */,
				92C3A2C241F145AEB8B89346 /* Views */,
				DF51BE446067726A73194080 /* Health */,
				4EA221F984BD6879461F2CCD /* Settings */,
				86CB596F4262675AD8C726B7 /* Calendar */,
				A7EAB8766B9CFA3AC7B544BA /* Timers */,
				2B407A91B46FEC62CCF494CE /* LiveActivities */,
				39C4C9461E96896E9A5DC2FB /* System */,
				17731BD250C2588323130FCA /* Notifications */,
				E88C7BBB11AF33EDB121D547 /* Reminders */,
			);
			path = App;
			sourceTree = "<group>";
		};
		850AC29570F7158B78F6156E /* Models */ = {
			isa = PBXGroup;
			children = (
				A0056960BC6D86AC627BA7BE /* DailyLog.swift */,
				49B33A9A3364944C244DAD77 /* HealthCalculations.swift */,
				C150B888F77C0F120F197164 /* UserProfile.swift */,
			);
			path = Models;
			sourceTree = "<group>";
		};
		86CB596F4262675AD8C726B7 /* Calendar */ = {
			isa = PBXGroup;
			children = (
				287DA2D933850934A6E60887 /* CalendarEventEditor.swift */,
				EA93287F2798E261B7FE1C18 /* CalendarService.swift */,
				0D1041CDDDC9DF5B49978E9C /* CalendarService.swift */,
				533B8B3DEDFED7E7ACF45093 /* CalendarEventEditor.swift */,
				7D61694EA6B5CD78057F28C0 /* CalendarService.swift */,
				E82008A64993339F4C306E8A /* CalendarEventEditor.swift */,
			);
			path = Calendar;
			sourceTree = "<group>";
		};
		88FE653219EB6424A4168123 /* Telemetry */ = {
			isa = PBXGroup;
			children = (
				A2E9B86A8BEA8E15CE74DA26 /* AITelemetry.swift */,
			);
			path = Telemetry;
			sourceTree = "<group>";
		};
		8F246FFF1F3CB10FE35BB2CD /* WeeklyStats */ = {
			isa = PBXGroup;
			children = (
				6E7EAF020E0BA41356D50708 /* WeeklyStatsView.swift */,
			);
			path = WeeklyStats;
			sourceTree = "<group>";
		};
		92C3A2C241F145AEB8B89346 /* Views */ = {
			isa = PBXGroup;
			children = (
				75E2236807CF57ACF2D8F2D7 /* Camera */,
				0B3493FE385DC31291ABAAF3 /* Components */,
				C588C78D810FF4D0D916658A /* Dashboard */,
				B0D39DD0B11DEB4145E9BC2E /* Health */,
				75EF2F6A03B5E71C8AF32965 /* MealIdeas */,
				FBAAECCE416325889B5BF04F /* Onboarding */,
				F44EF5064F66ABF588531F63 /* Progress */,
				6C61E0122A38CE9EF646CDAB /* Settings */,
				8F246FFF1F3CB10FE35BB2CD /* WeeklyStats */,
				3E9DFD313A7F764405F76048 /* Chat */,
				5B6B820C1BFA01A325D5C7BE /* Home */,
				A24D42FF9860D6FE3888247A /* Nutrition */,
			);
			path = Views;
			sourceTree = "<group>";
		};
		A24D42FF9860D6FE3888247A /* Nutrition */ = {
			isa = PBXGroup;
			children = (
				CAF5410E7D1BD8F6DFEA7E4B /* SaveMealToHealthView.swift */,
				0206745D35329DC5103E5060 /* SaveMealToHealthView.swift */,
			);
			name = Nutrition;
			sourceTree = "<group>";
		};
		A7EAB8766B9CFA3AC7B544BA /* Timers */ = {
			isa = PBXGroup;
			children = (
				28B30AD7C6AF4F1C36C37498 /* TimerService.swift */,
				78A4A9765E0FC3F8AA6EF7A8 /* TimerService.swift */,
				03351D8DA145C5F526F12813 /* TimerService.swift */,
			);
			path = Timers;
			sourceTree = "<group>";
		};
		B0D39DD0B11DEB4145E9BC2E /* Health */ = {
			isa = PBXGroup;
			children = (
				6F7CB5D376D4D2D22D4258CD /* HealthTabView.swift */,
				CCCAB383EE86840B0633787F /* AppleHealthTabView.swift */,
				D56262BA86337B04C186E507 /* HealthContainerView.swift */,
			);
			path = Health;
			sourceTree = "<group>";
		};
		C588C78D810FF4D0D916658A /* Dashboard */ = {
			isa = PBXGroup;
			children = (
				09CE57E4954AB85CEC73081F /* DashboardView.swift */,
				4B0A1DA6C06A53C1A79A2628 /* MealEditSheet.swift */,
			);
			path = Dashboard;
			sourceTree = "<group>";
		};
		D4B97C7E0E4E4D1877E7743C /* HealthApp */ = {
			isa = PBXGroup;
			children = (
			);
			name = HealthApp;
			sourceTree = "<group>";
		};
		DF51BE446067726A73194080 /* Health */ = {
			isa = PBXGroup;
			children = (
				538E1B60A2D52CD8C27D1FD1 /* HealthAuthorizationService.swift */,
				4FE143E5A90B3177AD06DBAD /* HealthDataRepository.swift */,
				B1BD8B88682EB2CE3E9969A5 /* HealthInsightsService.swift */,
				263FC06E0DC1B82D0A9643C2 /* HealthKitManager.swift */,
				723D51072CCCBE25D0FBFFF9 /* HealthSyncService.swift */,
				FE32A8427FABA7FFF16A77BA /* HealthAuthorizationService.swift */,
				7CA2E53F318904775B745FD4 /* HealthDataRepository.swift */,
				4F51C70BBF9C5D4E7FD2B884 /* HealthInsightsService.swift */,
				CC6E40DEA7046AA1B62D65B1 /* HealthKitManager.swift */,
				8CBD04C32BE882E2A9768E3E /* HealthSyncService.swift */,
			);
			name = Health;
			sourceTree = "<group>";
		};
		E1BC452462EDCF89FFFF179C /* Models */ = {
			isa = PBXGroup;
			children = (
				325C3B8B4EBA75DB20C74A37 /* ModelDownloader.swift */,
				BFDA57249BEBDDC00E2BB964 /* ModelIntegrityValidator.swift */,
				3F08077D4DE2FA029DA5CC78 /* ModelManifest.swift */,
				312EE178D6F4403B3F63B2C3 /* ModelStore.swift */,
			);
			path = Models;
			sourceTree = "<group>";
		};
		E88C7BBB11AF33EDB121D547 /* Reminders */ = {
			isa = PBXGroup;
			children = (
				04477BD1676EC0336C2F3239 /* ReminderService.swift */,
				7F63D237FE56E5F45364B9F0 /* ReminderService.swift */,
				C01BB53111153AC49E3E3DB3 /* ReminderService.swift */,
			);
			path = Reminders;
			sourceTree = "<group>";
		};
		E9F3ABB81A3401EB9804B883 /* Core */ = {
			isa = PBXGroup;
			children = (
				BB15241668D1DE839F9A40A0 /* AIBackend.swift */,
				BE1580A9992234C6EABF5456 /* AIOrchestrator.swift */,
				1555427F5C06E515DCE156B7 /* AIRequest.swift */,
				F94A90DAA01C8132A7477CEF /* AIResponse.swift */,
				6DF3355664571CF61A20A99A /* GenerationConfig.swift */,
			);
			path = Core;
			sourceTree = "<group>";
		};
		EA46F9385196E7474A0AAA9D /* Services */ = {
			isa = PBXGroup;
			children = (
				523A181E8564A4C52D75ED76 /* NotificationManager.swift */,
			);
			path = Services;
			sourceTree = "<group>";
		};
		ED3FD1B836108BC524CF5C36 /* Retrieval */ = {
			isa = PBXGroup;
			children = (
				7008B4B9EC3BC3AA07E2F8B7 /* DocumentRetriever.swift */,
				3652BF668B709903297D267F /* FoodPipeline.swift */,
				B1AE492DAA2337ECDD93AE20 /* GroundedAnswerService.swift */,
			);
			path = Retrieval;
			sourceTree = "<group>";
		};
		F44EF5064F66ABF588531F63 /* Progress */ = {
			isa = PBXGroup;
			children = (
				9A169080D48E1649AF5674B4 /* ProgressTabView.swift */,
				8C6D3B4D40A6B593B55CA93B /* NativeCalendarEventView.swift */,
				3487A90417601ED2C801882E /* AddIntegrationActionSheet.swift */,
				94AC7337D92DDDD77EEA8F6C /* NativeCalendarEventView.swift */,
				915552E1C48AAA36FF62A6C5 /* AddIntegrationActionSheet.swift */,
				7D4F74E6DCA3CA58D23B8103 /* NativeCalendarEventView.swift */,
				8863666AF89D163511F0F0D9 /* AddIntegrationActionSheet.swift */,
			);
			path = Progress;
			sourceTree = "<group>";
		};
		F6367759F9B0E3B592C713F8 /* ViewModels */ = {
			isa = PBXGroup;
			children = (
				9A3963474F5A54439B12C854 /* FoodLoggingViewModel.swift */,
				ABB85A189364556F0F3BE6AC /* HealthReportViewModel.swift */,
				3A877DF02A9CA5271EB0F761 /* MealIdeasViewModel.swift */,
				C214C2CAC8B71F134EC3982F /* AIChatViewModel.swift */,
			);
			path = ViewModels;
			sourceTree = "<group>";
		};
		F75AF00B7C354B2CC73942C2 /* Safety */ = {
			isa = PBXGroup;
			children = (
				9516A895F71E7D685CE9ED83 /* HealthSafetyFilter.swift */,
			);
			path = Safety;
			sourceTree = "<group>";
		};
		FBAAECCE416325889B5BF04F /* Onboarding */ = {
			isa = PBXGroup;
			children = (
				1259CABF1CC37F333C4E239C /* OnboardingView.swift */,
			);
			path = Onboarding;
			sourceTree = "<group>";
		};
/* End PBXGroup section */

/* Begin PBXNativeTarget section */
		CB26F5AD3FF178C72267B300 /* HealthApp */ = {
			isa = PBXNativeTarget;
			buildConfigurationList = C4DD3884A1A14DA056F155CE /* Build configuration list for PBXNativeTarget "HealthApp" */;
			buildPhases = (
				4783E7B49F2F9D29FF48B53D /* Sources */,
				5144A42CF5AAF58C72904829 /* Frameworks */,
				9C5003657A1370F9CAD397D5 /* Resources */,
			);
			buildRules = (
			);
			dependencies = (
			);
			name = HealthApp;
			productName = HealthApp;
			productReference = 9DFCD51598DEF69A1CAB0AF3 /* HealthApp.app */;
			productType = "com.apple.product-type.application";
		};
/* End PBXNativeTarget section */

/* Begin PBXProject section */
		CEA24725A4BACE52E22EC5D8 /* Project object */ = {
			isa = PBXProject;
			attributes = {
				BuildIndependentTargetsInParallel = 1;
				LastSwiftUpdateCheck = 1600;
				LastUpgradeCheck = 1600;
				TargetAttributes = {
					CB26F5AD3FF178C72267B300 = {
						CreatedOnToolsVersion = 16.0;
					};
				};
			};
			buildConfigurationList = E6B1BDA61E53D292D410E3E6 /* Build configuration list for PBXProject "HealthApp" */;
			compatibilityVersion = "Xcode 15.0";
			developmentRegion = en;
			hasScannedForEncodings = 0;
			knownRegions = (
				en,
				Base,
			);
			mainGroup = 4F2879832B19A4002ABE0F27;
			productRefGroup = 0F485BB566342B8B15E558FC /* Products */;
			projectDirPath = "";
			projectRoot = "";
			targets = (
				CB26F5AD3FF178C72267B300 /* HealthApp */,
			);
		};
/* End PBXProject section */

/* Begin PBXResourcesBuildPhase section */
		9C5003657A1370F9CAD397D5 /* Resources */ = {
			isa = PBXResourcesBuildPhase;
			buildActionMask = 2147483647;
			files = (
			);
			runOnlyForDeploymentPostprocessing = 0;
		};
/* End PBXResourcesBuildPhase section */

/* Begin PBXSourcesBuildPhase section */
		4783E7B49F2F9D29FF48B53D /* Sources */ = {
			isa = PBXSourcesBuildPhase;
			buildActionMask = 2147483647;
			files = (
				2B60B1E639D399E8B11888C1 /* AppleFoundationBackend.swift in Sources */,
				48709E06B6B14BDFD8DC8C91 /* GeminiService.swift in Sources */,
				8D5268394B580C4CF3631FB5 /* QwenLocalBackend.swift in Sources */,
				C6313335FF283BA91636749C /* AIBackend.swift in Sources */,
				FA0657C670F672396CCDFBBE /* AIOrchestrator.swift in Sources */,
				DC990DFA91C495656FBB0D5B /* AIRequest.swift in Sources */,
				1B84405E5B3AB6E024EE1535 /* AIResponse.swift in Sources */,
				B1E25ACF94EC02FBADDC8446 /* GenerationConfig.swift in Sources */,
				057BE0B533514CFD1331044F /* ModelDownloader.swift in Sources */,
				014994A4D7A208801C7BFF37 /* ModelIntegrityValidator.swift in Sources */,
				207E422E93D6D67BDD424545 /* ModelManifest.swift in Sources */,
				22AC45AFA9227CDE9B4FBB80 /* ModelStore.swift in Sources */,
				04F266A25B32F0EA5CB18BB5 /* DocumentRetriever.swift in Sources */,
				5D3317A9276E758EAC6049CA /* FoodPipeline.swift in Sources */,
				6F2D454AB137E9F7B8C89B0F /* GroundedAnswerService.swift in Sources */,
				E204EE0939E359219639A00E /* HealthSafetyFilter.swift in Sources */,
				F8A147D50915049B91E1DBD9 /* AITelemetry.swift in Sources */,
				83F629EE8E38ED6287048545 /* ContentView.swift in Sources */,
				83DB33E206761CE2FE986968 /* HealthAppApp.swift in Sources */,
				B043E9D235DA1E124CB65E15 /* DailyLog.swift in Sources */,
				1313C1603F2C83E594143F57 /* HealthCalculations.swift in Sources */,
				17649E96A7F01C1FF7255B6A /* UserProfile.swift in Sources */,
				8E353C9A6B58A85C2844BA17 /* NotificationManager.swift in Sources */,
				6DFED5FAB72F3E657BB72834 /* FoodLoggingViewModel.swift in Sources */,
				9E3B6DE3EBC79FB7853B8111 /* HealthReportViewModel.swift in Sources */,
				81373F38A03307378FE46857 /* MealIdeasViewModel.swift in Sources */,
				8B26DDA8ECD3543511F8E0DD /* CameraView.swift in Sources */,
				E4E89E6EB6B219641A62ADB6 /* FoodLoggingSheet.swift in Sources */,
				C0B334037C70EC6882BBF7BD /* ChipGroup.swift in Sources */,
				994D179B72EA0B5652BD1E53 /* CircularProgressView.swift in Sources */,
				F285E3D308EB9DB33E693A52 /* GlassCard.swift in Sources */,
				04008591D2DB90FBC62B14BF /* GradientBackground.swift in Sources */,
				CE11E012B34074DC579C4848 /* WeeklyCalendarView.swift in Sources */,
				13DD4031B1CE86E772A6F8E9 /* DashboardView.swift in Sources */,
				EDD81317CFA06784485FA8F9 /* MealEditSheet.swift in Sources */,
				4CF05F9222867310DCA3C375 /* HealthTabView.swift in Sources */,
				E6A26936A6614E2484EEE0AE /* MealIdeasView.swift in Sources */,
				201222C18BB9F09A25D9AE28 /* OnboardingView.swift in Sources */,
				22939B2BCA95D59B741FF137 /* ProgressTabView.swift in Sources */,
				B9BFB0E8D7A3A8BCC8F5543A /* ModelManagementView.swift in Sources */,
				A7FB185962FA34DCE3168E6A /* SettingsView.swift in Sources */,
				A1280A01E2D164F5B6D1A9E3 /* WeeklyStatsView.swift in Sources */,
				3B1F3A95A06E9DAA238C7786 /* AIChatView.swift in Sources */,
				95838D65AA9D76D121886D72 /* AIChatViewModel.swift in Sources */,
				3F212939628C45ACC728641C /* AppleHealthTabView.swift in Sources */,
				F933303D377A37D5724A04CD /* HealthAuthorizationService.swift in Sources */,
				309FE157D5355B4978046DFD /* HealthDataRepository.swift in Sources */,
				04F5489C10F82B8E8996EEE0 /* HealthInsightsService.swift in Sources */,
				EBD4E703F249B8D8FC815B44 /* HealthKitManager.swift in Sources */,
				A80EA4A3CA7B3F93970F7FD0 /* HealthSyncService.swift in Sources */,
				C97346404B4FDA64FA4FF783 /* HealthPermissionsView.swift in Sources */,
				FA139551825131A460E8AD83 /* DailyHealthSummaryCard.swift in Sources */,
				A8BD7ED17D5F3FB9947B1A9B /* SaveMealToHealthView.swift in Sources */,
				3DD374B9D3495F0B3F689EA8 /* CalendarRemindersPermissionsView.swift in Sources */,
				7DF18119970B5E00166D68C4 /* CalendarEventEditor.swift in Sources */,
				618FE91D7FEBA6B8595FA332 /* CalendarService.swift in Sources */,
				C527108CC55E47263C6C60D1 /* TimerService.swift in Sources */,
				D0F25A0912D263E026A3312C /* LiveActivityService.swift in Sources */,
				BA211C26D535B36BFEF589AD /* PermissionsService.swift in Sources */,
				8158DDA0159805AE7FCBCF79 /* NativeCalendarEventView.swift in Sources */,
				84734C52C22EA20C8453D1D8 /* AddIntegrationActionSheet.swift in Sources */,
				58CDAC2CAE44778BB1616DF9 /* NotificationService.swift in Sources */,
				14E13F8BFE98A8CF41E79A1C /* ReminderService.swift in Sources */,
				B3BB565415A9A87B93A71D0F /* AppLogo.swift in Sources */,
				C9C2554DDA341D5E1C5DBA08 /* HealthContainerView.swift in Sources */,
			);
			runOnlyForDeploymentPostprocessing = 0;
		};
/* End PBXSourcesBuildPhase section */

/* Begin XCBuildConfiguration section */
		3C386CE13109BBF9E2CF54BF /* Release */ = {
			isa = XCBuildConfiguration;
			buildSettings = {
				ALWAYS_SEARCH_USER_PATHS = NO;
				ASSETCATALOG_COMPILER_GENERATE_SWIFT_ASSET_SYMBOL_EXTENSIONS = YES;
				CLANG_ANALYZER_NONNULL = YES;
				CLANG_CXX_LANGUAGE_STANDARD = "gnu++20";
				CLANG_ENABLE_MODULES = YES;
				CLANG_ENABLE_OBJC_ARC = YES;
				CLANG_WARN_BLOCK_CAPTURE_AUTORELEASING = YES;
				CLANG_WARN_BOOL_CONVERSION = YES;
				CLANG_WARN_COMMA = YES;
				CLANG_WARN_CONSTANT_CONVERSION = YES;
				CLANG_WARN_DEPRECATED_OBJC_IMPLEMENTATIONS = YES;
				CLANG_WARN_DIRECT_OBJC_ISA_USAGE = YES_ERROR;
				CLANG_WARN_EMPTY_BODY = YES;
				CLANG_WARN_ENUM_CONVERSION = YES;
				CLANG_WARN_INFINITE_RECURSION = YES;
				CLANG_WARN_INT_CONVERSION = YES;
				CLANG_WARN_NON_LITERAL_NULL_CONVERSION = YES;
				CLANG_WARN_OBJC_IMPLICIT_RETAIN_SELF = YES;
				CLANG_WARN_OBJC_LITERAL_CONVERSION = YES;
				CLANG_WARN_OBJC_ROOT_CLASS = YES_ERROR;
				CLANG_WARN_QUOTED_INCLUDE_IN_FRAMEWORK_HEADER = YES;
				CLANG_WARN_RANGE_LOOP_ANALYSIS = YES;
				CLANG_WARN_STRICT_PROTOTYPES = YES;
				CLANG_WARN_SUSPICIOUS_MOVE = YES;
				CLANG_WARN_UNGUARDED_AVAILABILITY = YES_AGGRESSIVE;
				CLANG_WARN_UNREACHABLE_CODE = YES;
				CLANG_WARN__DUPLICATE_METHOD_MATCH = YES;
				COPY_PHASE_STRIP = NO;
				DEBUG_INFORMATION_FORMAT = "dwarf-with-dsym";
				ENABLE_NS_ASSERTIONS = NO;
				ENABLE_STRICT_OBJC_MSGSEND = YES;
				ENABLE_USER_SCRIPT_SANDBOXING = YES;
				GCC_NO_COMMON_BLOCKS = YES;
				GCC_WARN_64_TO_32_BIT_CONVERSION = YES;
				GCC_WARN_ABOUT_RETURN_TYPE = YES_ERROR;
				GCC_WARN_UNDECLARED_SELECTOR = YES;
				GCC_WARN_UNINITIALIZED_AUTOS = YES_AGGRESSIVE;
				GCC_WARN_UNUSED_FUNCTION = YES;
				GCC_WARN_UNUSED_VARIABLE = YES;
				IPHONEOS_DEPLOYMENT_TARGET = 17.0;
				MTL_ENABLE_DEBUG_INFO = NO;
				MTL_FAST_MATH = YES;
				SDKROOT = iphoneos;
				SWIFT_COMPILATION_MODE = wholemodule;
				VALIDATE_PRODUCT = YES;
			};
			name = Release;
		};
		639C97A11ECC7F006A279361 /* Debug */ = {
			isa = XCBuildConfiguration;
			buildSettings = {
				ASSETCATALOG_COMPILER_APPICON_NAME = AppIcon;
				ASSETCATALOG_COMPILER_GLOBAL_ACCENT_COLOR_NAME = AccentColor;
				CODE_SIGN_STYLE = Automatic;
				CURRENT_PROJECT_VERSION = 1;
				DEVELOPMENT_ASSET_PATHS = "";
				DEVELOPMENT_TEAM = C7W2BX5R78;
				ENABLE_PREVIEWS = YES;
				GENERATE_INFOPLIST_FILE = NO;
				INFOPLIST_FILE = App/Info.plist;
				INFOPLIST_KEY_NSCameraUsageDescription = "HealthApp needs camera access to analyze your meals";
				INFOPLIST_KEY_UIApplicationSceneManifest_Generation = YES;
				INFOPLIST_KEY_UIApplicationSupportsIndirectInputEvents = YES;
				INFOPLIST_KEY_UILaunchScreen_Generation = YES;
				INFOPLIST_KEY_UISupportedInterfaceOrientations_iPad = "UIInterfaceOrientationPortrait UIInterfaceOrientationPortraitUpsideDown UIInterfaceOrientationLandscapeLeft UIInterfaceOrientationLandscapeRight";
				INFOPLIST_KEY_UISupportedInterfaceOrientations_iPhone = "UIInterfaceOrientationPortrait UIInterfaceOrientationLandscapeLeft UIInterfaceOrientationLandscapeRight";
				LD_RUNPATH_SEARCH_PATHS = (
					"$(inherited)",
					"@executable_path/Frameworks",
				);
				MARKETING_VERSION = 1.0;
				PRODUCT_BUNDLE_IDENTIFIER = com.aihealthappoffline.main;
				PRODUCT_NAME = "$(TARGET_NAME)";
				SWIFT_EMIT_LOC_STRINGS = YES;
				SWIFT_VERSION = 5.0;
				TARGETED_DEVICE_FAMILY = "1,2";
			};
			name = Debug;
		};
		F01F00C1AC65B8AA1B9BC9F3 /* Debug */ = {
			isa = XCBuildConfiguration;
			buildSettings = {
				ALWAYS_SEARCH_USER_PATHS = NO;
				ASSETCATALOG_COMPILER_GENERATE_SWIFT_ASSET_SYMBOL_EXTENSIONS = YES;
				CLANG_ANALYZER_NONNULL = YES;
				CLANG_CXX_LANGUAGE_STANDARD = "gnu++20";
				CLANG_ENABLE_MODULES = YES;
				CLANG_ENABLE_OBJC_ARC = YES;
				CLANG_WARN_BLOCK_CAPTURE_AUTORELEASING = YES;
				CLANG_WARN_BOOL_CONVERSION = YES;
				CLANG_WARN_COMMA = YES;
				CLANG_WARN_CONSTANT_CONVERSION = YES;
				CLANG_WARN_DEPRECATED_OBJC_IMPLEMENTATIONS = YES;
				CLANG_WARN_DIRECT_OBJC_ISA_USAGE = YES_ERROR;
				CLANG_WARN_EMPTY_BODY = YES;
				CLANG_WARN_ENUM_CONVERSION = YES;
				CLANG_WARN_INFINITE_RECURSION = YES;
				CLANG_WARN_INT_CONVERSION = YES;
				CLANG_WARN_NON_LITERAL_NULL_CONVERSION = YES;
				CLANG_WARN_OBJC_IMPLICIT_RETAIN_SELF = YES;
				CLANG_WARN_OBJC_LITERAL_CONVERSION = YES;
				CLANG_WARN_OBJC_ROOT_CLASS = YES_ERROR;
				CLANG_WARN_QUOTED_INCLUDE_IN_FRAMEWORK_HEADER = YES;
				CLANG_WARN_RANGE_LOOP_ANALYSIS = YES;
				CLANG_WARN_STRICT_PROTOTYPES = YES;
				CLANG_WARN_SUSPICIOUS_MOVE = YES;
				CLANG_WARN_UNGUARDED_AVAILABILITY = YES_AGGRESSIVE;
				CLANG_WARN_UNREACHABLE_CODE = YES;
				CLANG_WARN__DUPLICATE_METHOD_MATCH = YES;
				COPY_PHASE_STRIP = NO;
				DEBUG_INFORMATION_FORMAT = dwarf;
				ENABLE_STRICT_OBJC_MSGSEND = YES;
				ENABLE_TESTABILITY = YES;
				ENABLE_USER_SCRIPT_SANDBOXING = YES;
				GCC_DYNAMIC_NO_PIC = NO;
				GCC_NO_COMMON_BLOCKS = YES;
				GCC_OPTIMIZATION_LEVEL = 0;
				GCC_PREPROCESSOR_DEFINITIONS = (
					"DEBUG=1",
					"$(inherited)",
				);
				GCC_WARN_64_TO_32_BIT_CONVERSION = YES;
				GCC_WARN_ABOUT_RETURN_TYPE = YES_ERROR;
				GCC_WARN_UNDECLARED_SELECTOR = YES;
				GCC_WARN_UNINITIALIZED_AUTOS = YES_AGGRESSIVE;
				GCC_WARN_UNUSED_FUNCTION = YES;
				GCC_WARN_UNUSED_VARIABLE = YES;
				IPHONEOS_DEPLOYMENT_TARGET = 17.0;
				MTL_ENABLE_DEBUG_INFO = INCLUDE_SOURCE;
				MTL_FAST_MATH = YES;
				ONLY_ACTIVE_ARCH = YES;
				SDKROOT = iphoneos;
				SWIFT_ACTIVE_COMPILATION_CONDITIONS = "$(inherited) DEBUG";
				SWIFT_OPTIMIZATION_LEVEL = "-Onone";
			};
			name = Debug;
		};
		FD594817BB17F9A4E1FF2BD3 /* Release */ = {
			isa = XCBuildConfiguration;
			buildSettings = {
				ASSETCATALOG_COMPILER_APPICON_NAME = AppIcon;
				ASSETCATALOG_COMPILER_GLOBAL_ACCENT_COLOR_NAME = AccentColor;
				CODE_SIGN_STYLE = Automatic;
				CURRENT_PROJECT_VERSION = 1;
				DEVELOPMENT_ASSET_PATHS = "";
				DEVELOPMENT_TEAM = C7W2BX5R78;
				ENABLE_PREVIEWS = YES;
				GENERATE_INFOPLIST_FILE = NO;
				INFOPLIST_FILE = App/Info.plist;
				INFOPLIST_KEY_NSCameraUsageDescription = "HealthApp needs camera access to analyze your meals";
				INFOPLIST_KEY_UIApplicationSceneManifest_Generation = YES;
				INFOPLIST_KEY_UIApplicationSupportsIndirectInputEvents = YES;
				INFOPLIST_KEY_UILaunchScreen_Generation = YES;
				INFOPLIST_KEY_UISupportedInterfaceOrientations_iPad = "UIInterfaceOrientationPortrait UIInterfaceOrientationPortraitUpsideDown UIInterfaceOrientationLandscapeLeft UIInterfaceOrientationLandscapeRight";
				INFOPLIST_KEY_UISupportedInterfaceOrientations_iPhone = "UIInterfaceOrientationPortrait UIInterfaceOrientationLandscapeLeft UIInterfaceOrientationLandscapeRight";
				LD_RUNPATH_SEARCH_PATHS = (
					"$(inherited)",
					"@executable_path/Frameworks",
				);
				MARKETING_VERSION = 1.0;
				PRODUCT_BUNDLE_IDENTIFIER = com.aihealthappoffline.main;
				PRODUCT_NAME = "$(TARGET_NAME)";
				SWIFT_EMIT_LOC_STRINGS = YES;
				SWIFT_VERSION = 5.0;
				TARGETED_DEVICE_FAMILY = "1,2";
			};
			name = Release;
		};
/* End XCBuildConfiguration section */

/* Begin XCConfigurationList section */
		C4DD3884A1A14DA056F155CE /* Build configuration list for PBXNativeTarget "HealthApp" */ = {
			isa = XCConfigurationList;
			buildConfigurations = (
				639C97A11ECC7F006A279361 /* Debug */,
				FD594817BB17F9A4E1FF2BD3 /* Release */,
			);
			defaultConfigurationIsVisible = 0;
			defaultConfigurationName = Release;
		};
		E6B1BDA61E53D292D410E3E6 /* Build configuration list for PBXProject "HealthApp" */ = {
			isa = XCConfigurationList;
			buildConfigurations = (
				F01F00C1AC65B8AA1B9BC9F3 /* Debug */,
				3C386CE13109BBF9E2CF54BF /* Release */,
			);
			defaultConfigurationIsVisible = 0;
			defaultConfigurationName = Release;
		};
/* End XCConfigurationList section */
	};
	rootObject = CEA24725A4BACE52E22EC5D8 /* Project object */;
}
